
Microsoft Visual Studio Solution File, Format Version 12.00
# Visual Studio Version 16
VisualStudioVersion = 16.0.30523.141
MinimumVisualStudioVersion = 10.0.40219.1
Project("{9A19103F-16F7-4668-BE54-9A1E7A4F7556}") = "StoreDB", "StoreDB\StoreDB.csproj", "{D2485827-03D0-4FD0-9B56-7DBFB126C5C7}"
EndProject
Project("{9A19103F-16F7-4668-BE54-9A1E7A4F7556}") = "StoreLib", "StoreLib\StoreLib.csproj", "{BA01C449-EC1D-4DE6-834B-23565D159957}"
EndProject
Project("{9A19103F-16F7-4668-BE54-9A1E7A4F7556}") = "StoreTest", "StoreTest\StoreTest.csproj", "{51C6A0DD-2B19-49F0-82F2-F870754D7447}"
EndProject
Project("{FAE04EC0-301F-11D3-BF4B-00C04F79EFBC}") = "StoreAPI", "StoreAPI\StoreAPI.csproj", "{E9E5ABC4-2057-4E00-9C98-0EADE7C9D7B8}"
EndProject
Global
	GlobalSection(SolutionConfigurationPlatforms) = preSolution
		Debug|Any CPU = Debug|Any CPU
		Release|Any CPU = Release|Any CPU
	EndGlobalSection
	GlobalSection(ProjectConfigurationPlatforms) = postSolution
		{D2485827-03D0-4FD0-9B56-7DBFB126C5C7}.Debug|Any CPU.ActiveCfg = Debug|Any CPU
		{D2485827-03D0-4FD0-9B56-7DBFB126C5C7}.Debug|Any CPU.Build.0 = Debug|Any CPU
		{D2485827-03D0-4FD0-9B56-7DBFB126C5C7}.Release|Any CPU.ActiveCfg = Release|Any CPU
		{D2485827-03D0-4FD0-9B56-7DBFB126C5C7}.Release|Any CPU.Build.0 = Release|Any CPU
		{BA01C449-EC1D-4DE6-834B-23565D159957}.Debug|Any CPU.ActiveCfg = Debug|Any CPU
		{BA01C449-EC1D-4DE6-834B-23565D159957}.Debug|Any CPU.Build.0 = Debug|Any CPU
		{BA01C449-EC1D-4DE6-834B-23565D159957}.Release|Any CPU.ActiveCfg = Release|Any CPU
		{BA01C449-EC1D-4DE6-834B-23565D159957}.Release|Any CPU.Build.0 = Release|Any CPU
		{51C6A0DD-2B19-49F0-82F2-F870754D7447}.Debug|Any CPU.ActiveCfg = Debug|Any CPU
		{51C6A0DD-2B19-49F0-82F2-F870754D7447}.Debug|Any CPU.Build.0 = Debug|Any CPU
		{51C6A0DD-2B19-49F0-82F2-F870754D7447}.Release|Any CPU.ActiveCfg = Release|Any CPU
		{51C6A0DD-2B19-49F0-82F2-F870754D7447}.Release|Any CPU.Build.0 = Release|Any CPU
		{E9E5ABC4-2057-4E00-9C98-0EADE7C9D7B8}.Debug|Any CPU.ActiveCfg = Debug|Any CPU
		{E9E5ABC4-2057-4E00-9C98-0EADE7C9D7B8}.Debug|Any CPU.Build.0 = Debug|Any CPU
		{E9E5ABC4-2057-4E00-9C98-0EADE7C9D7B8}.Release|Any CPU.ActiveCfg = Release|Any CPU
		{E9E5ABC4-2057-4E00-9C98-0EADE7C9D7B8}.Release|Any CPU.Build.0 = Release|Any CPU
	EndGlobalSection
	GlobalSection(SolutionProperties) = preSolution
		HideSolutionNode = FALSE
	EndGlobalSection
	GlobalSection(ExtensibilityGlobals) = postSolution
		SolutionGuid = {511360C1-2211-42AD-90ED-AB91C8AF9898}
	EndGlobalSection
EndGlobal
